// !$*UTF8*$!
{
	archiveVersion = 1;
	classes = {
	};
	objectVersion = 46;
	objects = {

/* Begin PBXBuildFile section */
		CD8E6C951CF2E84100333A6A /* main.m in Sources */ = {isa = PBXBuildFile; fileRef = CD8E6C941CF2E84100333A6A /* main.m */; };
		CD8E6C981CF2E84100333A6A /* AppDelegate.m in Sources */ = {isa = PBXBuildFile; fileRef = CD8E6C971CF2E84100333A6A /* AppDelegate.m */; };
		CD8E6C9B1CF2E84100333A6A /* ViewController.m in Sources */ = {isa = PBXBuildFile; fileRef = CD8E6C9A1CF2E84100333A6A /* ViewController.m */; };
		CD8E6C9E1CF2E84100333A6A /* Main.storyboard in Resources */ = {isa = PBXBuildFile; fileRef = CD8E6C9C1CF2E84100333A6A /* Main.storyboard */; };
		CD8E6CA01CF2E84100333A6A /* Assets.xcassets in Resources */ = {isa = PBXBuildFile; fileRef = CD8E6C9F1CF2E84100333A6A /* Assets.xcassets */; };
		CD8E6CA31CF2E84100333A6A /* LaunchScreen.storyboard in Resources */ = {isa = PBXBuildFile; fileRef = CD8E6CA11CF2E84100333A6A /* LaunchScreen.storyboard */; };
/* End PBXBuildFile section */

/* Begin PBXFileReference section */
		CD8E6C901CF2E84100333A6A /* HelloWorld.app */ = {isa = PBXFileReference; explicitFileType = wrapper.application; includeInIndex = 0; path = HelloWorld.app; sourceTree = BUILT_PRODUCTS_DIR; };
		CD8E6C941CF2E84100333A6A /* main.m */ = {isa = PBXFileReference; lastKnownFileType = sourcecode.c.objc; path = main.m; sourceTree = "<group>"; };
		CD8E6C961CF2E84100333A6A /* AppDelegate.h */ = {isa = PBXFileReference; lastKnownFileType = sourcecode.c.h; path = AppDelegate.h; sourceTree = "<group>"; };
		CD8E6C971CF2E84100333A6A /* AppDelegate.m */ = {isa = PBXFileReference; lastKnownFileType = sourcecode.c.objc; path = AppDelegate.m; sourceTree = "<group>"; };
		CD8E6C991CF2E84100333A6A /* ViewController.h */ = {isa = PBXFileReference; lastKnownFileType = sourcecode.c.h; path = ViewController.h; sourceTree = "<group>"; };
		CD8E6C9A1CF2E84100333A6A /* ViewController.m */ = {isa = PBXFileReference; lastKnownFileType = sourcecode.c.objc; path = ViewController.m; sourceTree = "<group>"; };
		CD8E6C9D1CF2E84100333A6A /* Base */ = {isa = PBXFileReference; lastKnownFileType = file.storyboard; name = Base; path = Base.lproj/Main.storyboard; sourceTree = "<group>"; };
		CD8E6C9F1CF2E84100333A6A /* Assets.xcassets */ = {isa = PBXFileReference; lastKnownFileType = folder.assetcatalog; path = Assets.xcassets; sourceTree = "<group>"; };
		CD8E6CA21CF2E84100333A6A /* Base */ = {isa = PBXFileReference; lastKnownFileType = file.storyboard; name = Base; path = Base.lproj/LaunchScreen.storyboard; sourceTree = "<group>"; };
		CD8E6CA41CF2E84100333A6A /* Info.plist */ = {isa = PBXFileReference; lastKnownFileType = text.plist.xml; path = Info.plist; sourceTree = "<group>"; };
/* End PBXFileReference section */

/* Begin PBXFrameworksBuildPhase section */
		CD8E6C8D1CF2E84100333A6A /* Frameworks */ = {
			isa = PBXFrameworksBuildPhase;
			buildActionMask = 2147483647;
			files = (
			);
			runOnlyForDeploymentPostprocessing = 0;
		};
/* End PBXFrameworksBuildPhase section */

/* Begin PBXGroup section */
		CD8E6C871CF2E84000333A6A = {
			isa = PBXGroup;
			children = (
				CD8E6C921CF2E84100333A6A /* HelloWorld */,
				CD8E6C911CF2E84100333A6A /* Products */,
			);
			sourceTree = "<group>";
		};
		CD8E6C911CF2E84100333A6A /* Products */ = {
			isa = PBXGroup;
			children = (
				CD8E6C901CF2E84100333A6A /* HelloWorld.app */,
			);
			name = Products;
			sourceTree = "<group>";
		};
		CD8E6C921CF2E84100333A6A /* HelloWorld */ = {
			isa = PBXGroup;
			children = (
				CD8E6C961CF2E84100333A6A /* AppDelegate.h */,
				CD8E6C971CF2E84100333A6A /* AppDelegate.m */,
				CD8E6C991CF2E84100333A6A /* ViewController.h */,
				CD8E6C9A1CF2E84100333A6A /* ViewController.m */,
				CD8E6C9C1CF2E84100333A6A /* Main.storyboard */,
				CD8E6C9F1CF2E84100333A6A /* Assets.xcassets */,
				CD8E6CA11CF2E84100333A6A /* LaunchScreen.storyboard */,
				CD8E6CA41CF2E84100333A6A /* Info.plist */,
				CD8E6C931CF2E84100333A6A /* Supporting Files */,
			);
			path = HelloWorld;
			sourceTree = "<group>";
		};
		CD8E6C931CF2E84100333A6A /* Supporting Files */ = {
			isa = PBXGroup;
			children = (
				CD8E6C941CF2E84100333A6A /* main.m */,
			);
			name = "Supporting Files";
			sourceTree = "<group>";
		};
/* End PBXGroup section */

/* Begin PBXNativeTarget section */
		CD8E6C8F1CF2E84100333A6A /* HelloWorld */ = {
			isa = PBXNativeTarget;
			buildConfigurationList = CD8E6CA71CF2E84100333A6A /* Build configuration list for PBXNativeTarget "HelloWorld" */;
			buildPhases = (
				CD8E6C8C1CF2E84100333A6A /* Sources */,
				CD8E6C8D1CF2E84100333A6A /* Frameworks */,
				CD8E6C8E1CF2E84100333A6A /* Resources */,
			);
			buildRules = (
			);
			dependencies = (
			);
			name = HelloWorld;
			productName = HelloWorld;
			productReference = CD8E6C901CF2E84100333A6A /* HelloWorld.app */;
			productType = "com.apple.product-type.application";
		};
/* End PBXNativeTarget section */

/* Begin PBXProject section */
		CD8E6C881CF2E84000333A6A /* Project object */ = {
			isa = PBXProject;
			attributes = {
				LastUpgradeCheck = 0730;
				ORGANIZATIONNAME = Sample;
				TargetAttributes = {
					CD8E6C8F1CF2E84100333A6A = {
						CreatedOnToolsVersion = 7.3;
					};
				};
			};
			buildConfigurationList = CD8E6C8B1CF2E84000333A6A /* Build configuration list for PBXProject "HelloWorld" */;
			compatibilityVersion = "Xcode 3.2";
			developmentRegion = English;
			hasScannedForEncodings = 0;
			knownRegions = (
				en,
				Base,
			);
			mainGroup = CD8E6C871CF2E84000333A6A;
			productRefGroup = CD8E6C911CF2E84100333A6A /* Products */;
			projectDirPath = "";
			projectRoot = "";
			targets = (
				CD8E6C8F1CF2E84100333A6A /* HelloWorld */,
			);
		};
/* End PBXProject section */

/* Begin PBXResourcesBuildPhase section */
		CD8E6C8E1CF2E84100333A6A /* Resources */ = {
			isa = PBXResourcesBuildPhase;
			buildActionMask = 2147483647;
			files = (
				CD8E6CA31CF2E84100333A6A /* LaunchScreen.storyboard in Resources */,
				CD8E6CA01CF2E84100333A6A /* Assets.xcassets in Resources */,
				CD8E6C9E1CF2E84100333A6A /* Main.storyboard in Resources */,
			);
			runOnlyForDeploymentPostprocessing = 0;
		};
/* End PBXResourcesBuildPhase section */

/* Begin PBXSourcesBuildPhase section */
		CD8E6C8C1CF2E84100333A6A /* Sources */ = {
			isa = PBXSourcesBuildPhase;
			buildActionMask = 2147483647;
			files = (
				CD8E6C9B1CF2E84100333A6A /* ViewController.m in Sources */,
				CD8E6C981CF2E84100333A6A /* AppDelegate.m in Sources */,
				CD8E6C951CF2E84100333A6A /* main.m in Sources */,
			);
			runOnlyForDeploymentPostprocessing = 0;
		};
/* End PBXSourcesBuildPhase section */

/* Begin PBXVariantGroup section */
		CD8E6C9C1CF2E84100333A6A /* Main.storyboard */ = {
			isa = PBXVariantGroup;
			children = (
				CD8E6C9D1CF2E84100333A6A /* Base */,
			);
			name = Main.storyboard;
			sourceTree = "<group>";
		};
		CD8E6CA11CF2E84100333A6A /* LaunchScreen.storyboard */ = {
			isa = PBXVariantGroup;
			children = (
				CD8E6CA21CF2E84100333A6A /* Base */,
			);
			name = LaunchScreen.storyboard;
			sourceTree = "<group>";
		};
/* End PBXVariantGroup section */

/* Begin XCBuildConfiguration section */
		CD8E6CA51CF2E84100333A6A /* Debug */ = {
			isa = XCBuildConfiguration;
			buildSettings = {
				ALWAYS_SEARCH_USER_PATHS = NO;
				CLANG_ANALYZER_NONNULL = YES;
				CLANG_CXX_LANGUAGE_STANDARD = "gnu++0x";
				CLANG_CXX_LIBRARY = "libc++";
				CLANG_ENABLE_MODULES = YES;
				CLANG_ENABLE_OBJC_ARC = YES;
				CLANG_WARN_BOOL_CONVERSION = YES;
				CLANG_WARN_CONSTANT_CONVERSION = YES;
				CLANG_WARN_DIRECT_OBJC_ISA_USAGE = YES_ERROR;
				CLANG_WARN_EMPTY_BODY = YES;
				CLANG_WARN_ENUM_CONVERSION = YES;
				CLANG_WARN_INT_CONVERSION = YES;
				CLANG_WARN_OBJC_ROOT_CLASS = YES_ERROR;
				CLANG_WARN_UNREACHABLE_CODE = YES;
				CLANG_WARN__DUPLICATE_METHOD_MATCH = YES;
				"CODE_SIGN_IDENTITY[sdk=iphoneos*]" = "iPhone Developer";
				COPY_PHASE_STRIP = NO;
				DEBUG_INFORMATION_FORMAT = dwarf;
				ENABLE_STRICT_OBJC_MSGSEND = YES;
				ENABLE_TESTABILITY = YES;
				GCC_C_LANGUAGE_STANDARD = gnu99;
				GCC_DYNAMIC_NO_PIC = NO;
				GCC_NO_COMMON_BLOCKS = YES;
				GCC_OPTIMIZATION_LEVEL = 0;
				GCC_PREPROCESSOR_DEFINITIONS = (
					"DEBUG=1",
					"$(inherited)",
				);
				GCC_WARN_64_TO_32_BIT_CONVERSION = YES;
				GCC_WARN_ABOUT_RETURN_TYPE = YES_ERROR;
				GCC_WARN_UNDECLARED_SELECTOR = YES;
				GCC_WARN_UNINITIALIZED_AUTOS = YES_AGGRESSIVE;
				GCC_WARN_UNUSED_FUNCTION = YES;
				GCC_WARN_UNUSED_VARIABLE = YES;
				IPHONEOS_DEPLOYMENT_TARGET = 9.3;
				MTL_ENABLE_DEBUG_INFO = YES;
				ONLY_ACTIVE_ARCH = YES;
				SDKROOT = iphoneos;
			};
			name = Debug;
		};
		CD8E6CA61CF2E84100333A6A /* Release */ = {
			isa = XCBuildConfiguration;
			buildSettings = {
				ALWAYS_SEARCH_USER_PATHS = NO;
				CLANG_ANALYZER_NONNULL = YES;
				CLANG_CXX_LANGUAGE_STANDARD = "gnu++0x";
				CLANG_CXX_LIBRARY = "libc++";
				CLANG_ENABLE_MODULES = YES;
				CLANG_ENABLE_OBJC_ARC = YES;
				CLANG_WARN_BOOL_CONVERSION = YES;
				CLANG_WARN_CONSTANT_CONVERSION = YES;
				CLANG_WARN_DIRECT_OBJC_ISA_USAGE = YES_ERROR;
				CLANG_WARN_EMPTY_BODY = YES;
				CLANG_WARN_ENUM_CONVERSION = YES;
				CLANG_WARN_INT_CONVERSION = YES;
				CLANG_WARN_OBJC_ROOT_CLASS = YES_ERROR;
				CLANG_WARN_UNREACHABLE_CODE = YES;
				CLANG_WARN__DUPLICATE_METHOD_MATCH = YES;
				"CODE_SIGN_IDENTITY[sdk=iphoneos*]" = "iPhone Developer";
				COPY_PHASE_STRIP = NO;
				DEBUG_INFORMATION_FORMAT = "dwarf-with-dsym";
				ENABLE_NS_ASSERTIONS = NO;
				ENABLE_STRICT_OBJC_MSGSEND = YES;
				GCC_C_LANGUAGE_STANDARD = gnu99;
				GCC_NO_COMMON_BLOCKS = YES;
				GCC_WARN_64_TO_32_BIT_CONVERSION = YES;
				GCC_WARN_ABOUT_RETURN_TYPE = YES_ERROR;
				GCC_WARN_UNDECLARED_SELECTOR = YES;
				GCC_WARN_UNINITIALIZED_AUTOS = YES_AGGRESSIVE;
				GCC_WARN_UNUSED_FUNCTION = YES;
				GCC_WARN_UNUSED_VARIABLE = YES;
				IPHONEOS_DEPLOYMENT_TARGET = 9.3;
				MTL_ENABLE_DEBUG_INFO = NO;
				SDKROOT = iphoneos;
				VALIDATE_PRODUCT = YES;
			};
			name = Release;
		};
		CD8E6CA81CF2E84100333A6A /* Debug */ = {
			isa = XCBuildConfiguration;
			buildSettings = {
				ASSETCATALOG_COMPILER_APPICON_NAME = AppIcon;
				INFOPLIST_FILE = HelloWorld/Info.plist;
				LD_RUNPATH_SEARCH_PATHS = "$(inherited) @executable_path/Frameworks";
				PRODUCT_BUNDLE_IDENTIFIER = com.test.HelloWorld;
				PRODUCT_NAME = "$(TARGET_NAME)";
			};
			name = Debug;
		};
		CD8E6CA91CF2E84100333A6A /* Release */ = {
			isa = XCBuildConfiguration;
			buildSettings = {
				ASSETCATALOG_COMPILER_APPICON_NAME = AppIcon;
				INFOPLIST_FILE = HelloWorld/Info.plist;
				LD_RUNPATH_SEARCH_PATHS = "$(inherited) @executable_path/Frameworks";
				PRODUCT_BUNDLE_IDENTIFIER = com.test.HelloWorld;
				PRODUCT_NAME = "$(TARGET_NAME)";
			};
			name = Release;
		};
/* End XCBuildConfiguration section */

/* Begin XCConfigurationList section */
		CD8E6C8B1CF2E84000333A6A /* Build configuration list for PBXProject "HelloWorld" */ = {
			isa = XCConfigurationList;
			buildConfigurations = (
				CD8E6CA51CF2E84100333A6A /* Debug */,
				CD8E6CA61CF2E84100333A6A /* Release */,
			);
			defaultConfigurationIsVisible = 0;
			defaultConfigurationName = Release;
		};
		CD8E6CA71CF2E84100333A6A /* Build configuration list for PBXNativeTarget "HelloWorld" */ = {
			isa = XCConfigurationList;
			buildConfigurations = (
				CD8E6CA81CF2E84100333A6A /* Debug */,
				CD8E6CA91CF2E84100333A6A /* Release */,
			);
			defaultConfigurationIsVisible = 0;
		};
/* End XCConfigurationList section */
	};
	rootObject = CD8E6C881CF2E84000333A6A /* Project object */;
}
